// !$*UTF8*$!
{
	archiveVersion = 1;
	classes = {
	};
	objectVersion = 51;
	objects = {

/* Begin PBXBuildFile section */
		5B7914B73471A1AC91ED5FB5 /* Pods_Movie_Clean_Swift.framework in Frameworks */ = {isa = PBXBuildFile; fileRef = 7B03F9A3C47DEBEC511A2C78 /* Pods_Movie_Clean_Swift.framework */; };
		B22E0D68630D500118B18054 /* Pods_Movie_Clean_Swift_Movie_Clean_SwiftUITests.framework in Frameworks */ = {isa = PBXBuildFile; fileRef = F030D55AFFA29E2962AFA384 /* Pods_Movie_Clean_Swift_Movie_Clean_SwiftUITests.framework */; };
		C62754831379393939BC6D1D /* Pods_Movie_Clean_SwiftTests.framework in Frameworks */ = {isa = PBXBuildFile; fileRef = F8A7698E8ED9CEDB9E74720D /* Pods_Movie_Clean_SwiftTests.framework */; };
		D30CF19823BAC16C009AF596 /* HomeMovieCell.swift in Sources */ = {isa = PBXBuildFile; fileRef = D30CF19723BAC16C009AF596 /* HomeMovieCell.swift */; };
		D30CF19B23BAC39A009AF596 /* Colors+Font.swift in Sources */ = {isa = PBXBuildFile; fileRef = D30CF19A23BAC39A009AF596 /* Colors+Font.swift */; };
		D30CF19D23BAD799009AF596 /* RequestProvider.swift in Sources */ = {isa = PBXBuildFile; fileRef = D30CF19C23BAD799009AF596 /* RequestProvider.swift */; };
		D30CF19F23BAE222009AF596 /* NetworkProvider.swift in Sources */ = {isa = PBXBuildFile; fileRef = D30CF19E23BAE222009AF596 /* NetworkProvider.swift */; };
		D30CF1A123BAE2DF009AF596 /* NetworkResponse.swift in Sources */ = {isa = PBXBuildFile; fileRef = D30CF1A023BAE2DF009AF596 /* NetworkResponse.swift */; };
		D30CF1A423BAE7A0009AF596 /* HomePopularMovieProvider.swift in Sources */ = {isa = PBXBuildFile; fileRef = D30CF1A323BAE7A0009AF596 /* HomePopularMovieProvider.swift */; };
		D30F28CC23B9AFE6009EAEF5 /* HomeMovieWorker.swift in Sources */ = {isa = PBXBuildFile; fileRef = D30F28CB23B9AFE6009EAEF5 /* HomeMovieWorker.swift */; };
		D356513C23B9861D009E928D /* AppDelegate.swift in Sources */ = {isa = PBXBuildFile; fileRef = D356513B23B9861D009E928D /* AppDelegate.swift */; };
		D356513E23B9861D009E928D /* SceneDelegate.swift in Sources */ = {isa = PBXBuildFile; fileRef = D356513D23B9861D009E928D /* SceneDelegate.swift */; };
		D356514223B9861E009E928D /* Assets.xcassets in Resources */ = {isa = PBXBuildFile; fileRef = D356514123B9861E009E928D /* Assets.xcassets */; };
		D356514823B9861E009E928D /* LaunchScreen.storyboard in Resources */ = {isa = PBXBuildFile; fileRef = D356514623B9861E009E928D /* LaunchScreen.storyboard */; };
		D356515323B9861E009E928D /* Movie_Clean_SwiftTests.swift in Sources */ = {isa = PBXBuildFile; fileRef = D356515223B9861E009E928D /* Movie_Clean_SwiftTests.swift */; };
		D356515E23B9861E009E928D /* Movie_Clean_SwiftUITests.swift in Sources */ = {isa = PBXBuildFile; fileRef = D356515D23B9861E009E928D /* Movie_Clean_SwiftUITests.swift */; };
		D3653AA723C3EDDF004A81BD /* HomeNewMovieProvider.swift in Sources */ = {isa = PBXBuildFile; fileRef = D3653AA623C3EDDF004A81BD /* HomeNewMovieProvider.swift */; };
		D391DA1323BE8E4F000A6A2B /* HomeMovieHeader.swift in Sources */ = {isa = PBXBuildFile; fileRef = D391DA1223BE8E4F000A6A2B /* HomeMovieHeader.swift */; };
		D391DA1523BED175000A6A2B /* HomeMovieFooter.swift in Sources */ = {isa = PBXBuildFile; fileRef = D391DA1423BED175000A6A2B /* HomeMovieFooter.swift */; };
		D3DE71FE23B99771002EEA81 /* HomeMoviePresenter.swift in Sources */ = {isa = PBXBuildFile; fileRef = D3DE71F923B99771002EEA81 /* HomeMoviePresenter.swift */; };
		D3DE71FF23B99771002EEA81 /* HomeMovieRouter.swift in Sources */ = {isa = PBXBuildFile; fileRef = D3DE71FA23B99771002EEA81 /* HomeMovieRouter.swift */; };
		D3DE720023B99771002EEA81 /* HomeMovieModels.swift in Sources */ = {isa = PBXBuildFile; fileRef = D3DE71FB23B99771002EEA81 /* HomeMovieModels.swift */; };
		D3DE720123B99771002EEA81 /* HomeMovieViewController.swift in Sources */ = {isa = PBXBuildFile; fileRef = D3DE71FC23B99771002EEA81 /* HomeMovieViewController.swift */; };
		D3DE720223B99771002EEA81 /* HomeMovieInteractor.swift in Sources */ = {isa = PBXBuildFile; fileRef = D3DE71FD23B99771002EEA81 /* HomeMovieInteractor.swift */; };
/* End PBXBuildFile section */

/* Begin PBXContainerItemProxy section */
		D356514F23B9861E009E928D /* PBXContainerItemProxy */ = {
			isa = PBXContainerItemProxy;
			containerPortal = D356513023B9861D009E928D /* Project object */;
			proxyType = 1;
			remoteGlobalIDString = D356513723B9861D009E928D;
			remoteInfo = Movie_Clean_Swift;
		};
		D356515A23B9861E009E928D /* PBXContainerItemProxy */ = {
			isa = PBXContainerItemProxy;
			containerPortal = D356513023B9861D009E928D /* Project object */;
			proxyType = 1;
			remoteGlobalIDString = D356513723B9861D009E928D;
			remoteInfo = Movie_Clean_Swift;
		};
/* End PBXContainerItemProxy section */

/* Begin PBXFileReference section */
		00F353B157FA705BCB90E838 /* Pods-Movie_Clean_SwiftTests.release.xcconfig */ = {isa = PBXFileReference; includeInIndex = 1; lastKnownFileType = text.xcconfig; name = "Pods-Movie_Clean_SwiftTests.release.xcconfig"; path = "Target Support Files/Pods-Movie_Clean_SwiftTests/Pods-Movie_Clean_SwiftTests.release.xcconfig"; sourceTree = "<group>"; };
		17F78D6A999C568537B5EA62 /* Pods-Movie_Clean_Swift-Movie_Clean_SwiftUITests.debug.xcconfig */ = {isa = PBXFileReference; includeInIndex = 1; lastKnownFileType = text.xcconfig; name = "Pods-Movie_Clean_Swift-Movie_Clean_SwiftUITests.debug.xcconfig"; path = "Target Support Files/Pods-Movie_Clean_Swift-Movie_Clean_SwiftUITests/Pods-Movie_Clean_Swift-Movie_Clean_SwiftUITests.debug.xcconfig"; sourceTree = "<group>"; };
		4ADBBD8473E733B1E69BD887 /* Pods-Movie_Clean_Swift-Movie_Clean_SwiftUITests.release.xcconfig */ = {isa = PBXFileReference; includeInIndex = 1; lastKnownFileType = text.xcconfig; name = "Pods-Movie_Clean_Swift-Movie_Clean_SwiftUITests.release.xcconfig"; path = "Target Support Files/Pods-Movie_Clean_Swift-Movie_Clean_SwiftUITests/Pods-Movie_Clean_Swift-Movie_Clean_SwiftUITests.release.xcconfig"; sourceTree = "<group>"; };
		7B03F9A3C47DEBEC511A2C78 /* Pods_Movie_Clean_Swift.framework */ = {isa = PBXFileReference; explicitFileType = wrapper.framework; includeInIndex = 0; path = Pods_Movie_Clean_Swift.framework; sourceTree = BUILT_PRODUCTS_DIR; };
		901A69083760A29123342159 /* Pods-Movie_Clean_SwiftTests.debug.xcconfig */ = {isa = PBXFileReference; includeInIndex = 1; lastKnownFileType = text.xcconfig; name = "Pods-Movie_Clean_SwiftTests.debug.xcconfig"; path = "Target Support Files/Pods-Movie_Clean_SwiftTests/Pods-Movie_Clean_SwiftTests.debug.xcconfig"; sourceTree = "<group>"; };
		B609C8603879F7142E7116DD /* Pods-Movie_Clean_Swift.release.xcconfig */ = {isa = PBXFileReference; includeInIndex = 1; lastKnownFileType = text.xcconfig; name = "Pods-Movie_Clean_Swift.release.xcconfig"; path = "Target Support Files/Pods-Movie_Clean_Swift/Pods-Movie_Clean_Swift.release.xcconfig"; sourceTree = "<group>"; };
		BC24CB0DD1447B542F7EA857 /* Pods-Movie_Clean_Swift.debug.xcconfig */ = {isa = PBXFileReference; includeInIndex = 1; lastKnownFileType = text.xcconfig; name = "Pods-Movie_Clean_Swift.debug.xcconfig"; path = "Target Support Files/Pods-Movie_Clean_Swift/Pods-Movie_Clean_Swift.debug.xcconfig"; sourceTree = "<group>"; };
		D30CF19723BAC16C009AF596 /* HomeMovieCell.swift */ = {isa = PBXFileReference; lastKnownFileType = sourcecode.swift; path = HomeMovieCell.swift; sourceTree = "<group>"; };
		D30CF19A23BAC39A009AF596 /* Colors+Font.swift */ = {isa = PBXFileReference; lastKnownFileType = sourcecode.swift; path = "Colors+Font.swift"; sourceTree = "<group>"; };
		D30CF19C23BAD799009AF596 /* RequestProvider.swift */ = {isa = PBXFileReference; lastKnownFileType = sourcecode.swift; path = RequestProvider.swift; sourceTree = "<group>"; };
		D30CF19E23BAE222009AF596 /* NetworkProvider.swift */ = {isa = PBXFileReference; lastKnownFileType = sourcecode.swift; path = NetworkProvider.swift; sourceTree = "<group>"; };
		D30CF1A023BAE2DF009AF596 /* NetworkResponse.swift */ = {isa = PBXFileReference; lastKnownFileType = sourcecode.swift; path = NetworkResponse.swift; sourceTree = "<group>"; };
		D30CF1A323BAE7A0009AF596 /* HomePopularMovieProvider.swift */ = {isa = PBXFileReference; lastKnownFileType = sourcecode.swift; path = HomePopularMovieProvider.swift; sourceTree = "<group>"; };
		D30F28CB23B9AFE6009EAEF5 /* HomeMovieWorker.swift */ = {isa = PBXFileReference; lastKnownFileType = sourcecode.swift; path = HomeMovieWorker.swift; sourceTree = "<group>"; };
		D356513823B9861D009E928D /* Alvão Movies.app */ = {isa = PBXFileReference; explicitFileType = wrapper.application; includeInIndex = 0; path = "Alvão Movies.app"; sourceTree = BUILT_PRODUCTS_DIR; };
		D356513B23B9861D009E928D /* AppDelegate.swift */ = {isa = PBXFileReference; lastKnownFileType = sourcecode.swift; path = AppDelegate.swift; sourceTree = "<group>"; };
		D356513D23B9861D009E928D /* SceneDelegate.swift */ = {isa = PBXFileReference; lastKnownFileType = sourcecode.swift; path = SceneDelegate.swift; sourceTree = "<group>"; };
		D356514123B9861E009E928D /* Assets.xcassets */ = {isa = PBXFileReference; lastKnownFileType = folder.assetcatalog; path = Assets.xcassets; sourceTree = "<group>"; };
		D356514723B9861E009E928D /* Base */ = {isa = PBXFileReference; lastKnownFileType = file.storyboard; name = Base; path = Base.lproj/LaunchScreen.storyboard; sourceTree = "<group>"; };
		D356514923B9861E009E928D /* Info.plist */ = {isa = PBXFileReference; lastKnownFileType = text.plist.xml; path = Info.plist; sourceTree = "<group>"; };
		D356514E23B9861E009E928D /* Movie_Clean_SwiftTests.xctest */ = {isa = PBXFileReference; explicitFileType = wrapper.cfbundle; includeInIndex = 0; path = Movie_Clean_SwiftTests.xctest; sourceTree = BUILT_PRODUCTS_DIR; };
		D356515223B9861E009E928D /* Movie_Clean_SwiftTests.swift */ = {isa = PBXFileReference; lastKnownFileType = sourcecode.swift; path = Movie_Clean_SwiftTests.swift; sourceTree = "<group>"; };
		D356515423B9861E009E928D /* Info.plist */ = {isa = PBXFileReference; lastKnownFileType = text.plist.xml; path = Info.plist; sourceTree = "<group>"; };
		D356515923B9861E009E928D /* Movie_Clean_SwiftUITests.xctest */ = {isa = PBXFileReference; explicitFileType = wrapper.cfbundle; includeInIndex = 0; path = Movie_Clean_SwiftUITests.xctest; sourceTree = BUILT_PRODUCTS_DIR; };
		D356515D23B9861E009E928D /* Movie_Clean_SwiftUITests.swift */ = {isa = PBXFileReference; lastKnownFileType = sourcecode.swift; path = Movie_Clean_SwiftUITests.swift; sourceTree = "<group>"; };
		D356515F23B9861E009E928D /* Info.plist */ = {isa = PBXFileReference; lastKnownFileType = text.plist.xml; path = Info.plist; sourceTree = "<group>"; };
		D3653AA623C3EDDF004A81BD /* HomeNewMovieProvider.swift */ = {isa = PBXFileReference; lastKnownFileType = sourcecode.swift; path = HomeNewMovieProvider.swift; sourceTree = "<group>"; };
		D391DA1223BE8E4F000A6A2B /* HomeMovieHeader.swift */ = {isa = PBXFileReference; lastKnownFileType = sourcecode.swift; path = HomeMovieHeader.swift; sourceTree = "<group>"; };
		D391DA1423BED175000A6A2B /* HomeMovieFooter.swift */ = {isa = PBXFileReference; lastKnownFileType = sourcecode.swift; path = HomeMovieFooter.swift; sourceTree = "<group>"; };
		D3DE71F923B99771002EEA81 /* HomeMoviePresenter.swift */ = {isa = PBXFileReference; lastKnownFileType = sourcecode.swift; path = HomeMoviePresenter.swift; sourceTree = "<group>"; };
		D3DE71FA23B99771002EEA81 /* HomeMovieRouter.swift */ = {isa = PBXFileReference; lastKnownFileType = sourcecode.swift; path = HomeMovieRouter.swift; sourceTree = "<group>"; };
		D3DE71FB23B99771002EEA81 /* HomeMovieModels.swift */ = {isa = PBXFileReference; lastKnownFileType = sourcecode.swift; path = HomeMovieModels.swift; sourceTree = "<group>"; };
		D3DE71FC23B99771002EEA81 /* HomeMovieViewController.swift */ = {isa = PBXFileReference; lastKnownFileType = sourcecode.swift; path = HomeMovieViewController.swift; sourceTree = "<group>"; };
		D3DE71FD23B99771002EEA81 /* HomeMovieInteractor.swift */ = {isa = PBXFileReference; lastKnownFileType = sourcecode.swift; path = HomeMovieInteractor.swift; sourceTree = "<group>"; };
		F030D55AFFA29E2962AFA384 /* Pods_Movie_Clean_Swift_Movie_Clean_SwiftUITests.framework */ = {isa = PBXFileReference; explicitFileType = wrapper.framework; includeInIndex = 0; path = Pods_Movie_Clean_Swift_Movie_Clean_SwiftUITests.framework; sourceTree = BUILT_PRODUCTS_DIR; };
		F8A7698E8ED9CEDB9E74720D /* Pods_Movie_Clean_SwiftTests.framework */ = {isa = PBXFileReference; explicitFileType = wrapper.framework; includeInIndex = 0; path = Pods_Movie_Clean_SwiftTests.framework; sourceTree = BUILT_PRODUCTS_DIR; };
/* End PBXFileReference section */

/* Begin PBXFrameworksBuildPhase section */
		D356513523B9861D009E928D /* Frameworks */ = {
			isa = PBXFrameworksBuildPhase;
			buildActionMask = 2147483647;
			files = (
				5B7914B73471A1AC91ED5FB5 /* Pods_Movie_Clean_Swift.framework in Frameworks */,
			);
			runOnlyForDeploymentPostprocessing = 0;
		};
		D356514B23B9861E009E928D /* Frameworks */ = {
			isa = PBXFrameworksBuildPhase;
			buildActionMask = 2147483647;
			files = (
				C62754831379393939BC6D1D /* Pods_Movie_Clean_SwiftTests.framework in Frameworks */,
			);
			runOnlyForDeploymentPostprocessing = 0;
		};
		D356515623B9861E009E928D /* Frameworks */ = {
			isa = PBXFrameworksBuildPhase;
			buildActionMask = 2147483647;
			files = (
				B22E0D68630D500118B18054 /* Pods_Movie_Clean_Swift_Movie_Clean_SwiftUITests.framework in Frameworks */,
			);
			runOnlyForDeploymentPostprocessing = 0;
		};
/* End PBXFrameworksBuildPhase section */

/* Begin PBXGroup section */
		0ACFB953195358810B0CFF52 /* Pods */ = {
			isa = PBXGroup;
			children = (
				BC24CB0DD1447B542F7EA857 /* Pods-Movie_Clean_Swift.debug.xcconfig */,
				B609C8603879F7142E7116DD /* Pods-Movie_Clean_Swift.release.xcconfig */,
				17F78D6A999C568537B5EA62 /* Pods-Movie_Clean_Swift-Movie_Clean_SwiftUITests.debug.xcconfig */,
				4ADBBD8473E733B1E69BD887 /* Pods-Movie_Clean_Swift-Movie_Clean_SwiftUITests.release.xcconfig */,
				901A69083760A29123342159 /* Pods-Movie_Clean_SwiftTests.debug.xcconfig */,
				00F353B157FA705BCB90E838 /* Pods-Movie_Clean_SwiftTests.release.xcconfig */,
			);
			path = Pods;
			sourceTree = "<group>";
		};
		45E520C713438DBF22756C84 /* Frameworks */ = {
			isa = PBXGroup;
			children = (
				7B03F9A3C47DEBEC511A2C78 /* Pods_Movie_Clean_Swift.framework */,
				F030D55AFFA29E2962AFA384 /* Pods_Movie_Clean_Swift_Movie_Clean_SwiftUITests.framework */,
				F8A7698E8ED9CEDB9E74720D /* Pods_Movie_Clean_SwiftTests.framework */,
			);
			name = Frameworks;
			sourceTree = "<group>";
		};
		D30CF19923BAC389009AF596 /* Extension */ = {
			isa = PBXGroup;
			children = (
				D30CF19A23BAC39A009AF596 /* Colors+Font.swift */,
			);
			name = Extension;
			sourceTree = "<group>";
		};
		D30CF1A223BAE78C009AF596 /* Provider */ = {
			isa = PBXGroup;
			children = (
				D30CF1A323BAE7A0009AF596 /* HomePopularMovieProvider.swift */,
				D3653AA623C3EDDF004A81BD /* HomeNewMovieProvider.swift */,
			);
			name = Provider;
			sourceTree = "<group>";
		};
		D356512F23B9861D009E928D = {
			isa = PBXGroup;
			children = (
				D356513A23B9861D009E928D /* Movie_Clean_Swift */,
				D356515123B9861E009E928D /* Movie_Clean_SwiftTests */,
				D356515C23B9861E009E928D /* Movie_Clean_SwiftUITests */,
				D356513923B9861D009E928D /* Products */,
				0ACFB953195358810B0CFF52 /* Pods */,
				45E520C713438DBF22756C84 /* Frameworks */,
			);
			sourceTree = "<group>";
		};
		D356513923B9861D009E928D /* Products */ = {
			isa = PBXGroup;
			children = (
				D356513823B9861D009E928D /* Alvão Movies.app */,
				D356514E23B9861E009E928D /* Movie_Clean_SwiftTests.xctest */,
				D356515923B9861E009E928D /* Movie_Clean_SwiftUITests.xctest */,
			);
			name = Products;
			sourceTree = "<group>";
		};
		D356513A23B9861D009E928D /* Movie_Clean_Swift */ = {
			isa = PBXGroup;
			children = (
				D30CF19923BAC389009AF596 /* Extension */,
				D356516C23B98713009E928D /* Resources */,
				D356516B23B986C2009E928D /* Bootstrap */,
				D356516D23B98795009E928D /* Networking */,
				D356516E23B987A6009E928D /* Scenes */,
				D356516F23B987C1009E928D /* Views */,
			);
			path = Movie_Clean_Swift;
			sourceTree = "<group>";
		};
		D356515123B9861E009E928D /* Movie_Clean_SwiftTests */ = {
			isa = PBXGroup;
			children = (
				D356515223B9861E009E928D /* Movie_Clean_SwiftTests.swift */,
				D356515423B9861E009E928D /* Info.plist */,
			);
			path = Movie_Clean_SwiftTests;
			sourceTree = "<group>";
		};
		D356515C23B9861E009E928D /* Movie_Clean_SwiftUITests */ = {
			isa = PBXGroup;
			children = (
				D356515D23B9861E009E928D /* Movie_Clean_SwiftUITests.swift */,
				D356515F23B9861E009E928D /* Info.plist */,
			);
			path = Movie_Clean_SwiftUITests;
			sourceTree = "<group>";
		};
		D356516B23B986C2009E928D /* Bootstrap */ = {
			isa = PBXGroup;
			children = (
				D356513B23B9861D009E928D /* AppDelegate.swift */,
				D356513D23B9861D009E928D /* SceneDelegate.swift */,
			);
			path = Bootstrap;
			sourceTree = "<group>";
		};
		D356516C23B98713009E928D /* Resources */ = {
			isa = PBXGroup;
			children = (
				D356514123B9861E009E928D /* Assets.xcassets */,
				D356514623B9861E009E928D /* LaunchScreen.storyboard */,
				D356514923B9861E009E928D /* Info.plist */,
			);
			path = Resources;
			sourceTree = "<group>";
		};
		D356516D23B98795009E928D /* Networking */ = {
			isa = PBXGroup;
			children = (
				D30CF19C23BAD799009AF596 /* RequestProvider.swift */,
				D30CF19E23BAE222009AF596 /* NetworkProvider.swift */,
				D30CF1A023BAE2DF009AF596 /* NetworkResponse.swift */,
			);
			path = Networking;
			sourceTree = "<group>";
		};
		D356516E23B987A6009E928D /* Scenes */ = {
			isa = PBXGroup;
			children = (
				D30CF1A223BAE78C009AF596 /* Provider */,
				D3DE71F923B99771002EEA81 /* HomeMoviePresenter.swift */,
				D30F28CB23B9AFE6009EAEF5 /* HomeMovieWorker.swift */,
				D3DE71FA23B99771002EEA81 /* HomeMovieRouter.swift */,
				D3DE71FB23B99771002EEA81 /* HomeMovieModels.swift */,
				D3DE71FC23B99771002EEA81 /* HomeMovieViewController.swift */,
				D3DE71FD23B99771002EEA81 /* HomeMovieInteractor.swift */,
			);
			path = Scenes;
			sourceTree = "<group>";
		};
		D356516F23B987C1009E928D /* Views */ = {
			isa = PBXGroup;
			children = (
				D30CF19723BAC16C009AF596 /* HomeMovieCell.swift */,
				D391DA1223BE8E4F000A6A2B /* HomeMovieHeader.swift */,
				D391DA1423BED175000A6A2B /* HomeMovieFooter.swift */,
			);
			path = Views;
			sourceTree = "<group>";
		};
/* End PBXGroup section */

/* Begin PBXNativeTarget section */
		D356513723B9861D009E928D /* Movie_Clean_Swift */ = {
			isa = PBXNativeTarget;
			buildConfigurationList = D356516223B9861E009E928D /* Build configuration list for PBXNativeTarget "Movie_Clean_Swift" */;
			buildPhases = (
				56F89DBFF17C565FDD301E12 /* [CP] Check Pods Manifest.lock */,
				D356513423B9861D009E928D /* Sources */,
				D356513523B9861D009E928D /* Frameworks */,
				D356513623B9861D009E928D /* Resources */,
				18571CE1982B4B659AC4D25C /* [CP] Embed Pods Frameworks */,
			);
			buildRules = (
			);
			dependencies = (
			);
			name = Movie_Clean_Swift;
			productName = Movie_Clean_Swift;
			productReference = D356513823B9861D009E928D /* Alvão Movies.app */;
			productType = "com.apple.product-type.application";
		};
		D356514D23B9861E009E928D /* Movie_Clean_SwiftTests */ = {
			isa = PBXNativeTarget;
			buildConfigurationList = D356516523B9861E009E928D /* Build configuration list for PBXNativeTarget "Movie_Clean_SwiftTests" */;
			buildPhases = (
				C2783C5BB1B7B41F2C40FD4B /* [CP] Check Pods Manifest.lock */,
				D356514A23B9861E009E928D /* Sources */,
				D356514B23B9861E009E928D /* Frameworks */,
				D356514C23B9861E009E928D /* Resources */,
				41446B5BDA350E7E71AC07B7 /* [CP] Embed Pods Frameworks */,
			);
			buildRules = (
			);
			dependencies = (
				D356515023B9861E009E928D /* PBXTargetDependency */,
			);
			name = Movie_Clean_SwiftTests;
			productName = Movie_Clean_SwiftTests;
			productReference = D356514E23B9861E009E928D /* Movie_Clean_SwiftTests.xctest */;
			productType = "com.apple.product-type.bundle.unit-test";
		};
		D356515823B9861E009E928D /* Movie_Clean_SwiftUITests */ = {
			isa = PBXNativeTarget;
			buildConfigurationList = D356516823B9861E009E928D /* Build configuration list for PBXNativeTarget "Movie_Clean_SwiftUITests" */;
			buildPhases = (
				1C9DC64A43C7B555D1D600B0 /* [CP] Check Pods Manifest.lock */,
				D356515523B9861E009E928D /* Sources */,
				D356515623B9861E009E928D /* Frameworks */,
				D356515723B9861E009E928D /* Resources */,
				1995869F341FA7AD7BAA0A46 /* [CP] Embed Pods Frameworks */,
			);
			buildRules = (
			);
			dependencies = (
				D356515B23B9861E009E928D /* PBXTargetDependency */,
			);
			name = Movie_Clean_SwiftUITests;
			productName = Movie_Clean_SwiftUITests;
			productReference = D356515923B9861E009E928D /* Movie_Clean_SwiftUITests.xctest */;
			productType = "com.apple.product-type.bundle.ui-testing";
		};
/* End PBXNativeTarget section */

/* Begin PBXProject section */
		D356513023B9861D009E928D /* Project object */ = {
			isa = PBXProject;
			attributes = {
				LastSwiftUpdateCheck = 1130;
				LastUpgradeCheck = 1130;
				ORGANIZATIONNAME = "Álvaro Fernandes";
				TargetAttributes = {
					D356513723B9861D009E928D = {
						CreatedOnToolsVersion = 11.3;
					};
					D356514D23B9861E009E928D = {
						CreatedOnToolsVersion = 11.3;
						TestTargetID = D356513723B9861D009E928D;
					};
					D356515823B9861E009E928D = {
						CreatedOnToolsVersion = 11.3;
						TestTargetID = D356513723B9861D009E928D;
					};
				};
			};
			buildConfigurationList = D356513323B9861D009E928D /* Build configuration list for PBXProject "Movie_Clean_Swift" */;
			compatibilityVersion = "Xcode 9.3";
			developmentRegion = en;
			hasScannedForEncodings = 0;
			knownRegions = (
				en,
				Base,
			);
			mainGroup = D356512F23B9861D009E928D;
			productRefGroup = D356513923B9861D009E928D /* Products */;
			projectDirPath = "";
			projectRoot = "";
			targets = (
				D356513723B9861D009E928D /* Movie_Clean_Swift */,
				D356514D23B9861E009E928D /* Movie_Clean_SwiftTests */,
				D356515823B9861E009E928D /* Movie_Clean_SwiftUITests */,
			);
		};
/* End PBXProject section */

/* Begin PBXResourcesBuildPhase section */
		D356513623B9861D009E928D /* Resources */ = {
			isa = PBXResourcesBuildPhase;
			buildActionMask = 2147483647;
			files = (
				D356514823B9861E009E928D /* LaunchScreen.storyboard in Resources */,
				D356514223B9861E009E928D /* Assets.xcassets in Resources */,
			);
			runOnlyForDeploymentPostprocessing = 0;
		};
		D356514C23B9861E009E928D /* Resources */ = {
			isa = PBXResourcesBuildPhase;
			buildActionMask = 2147483647;
			files = (
			);
			runOnlyForDeploymentPostprocessing = 0;
		};
		D356515723B9861E009E928D /* Resources */ = {
			isa = PBXResourcesBuildPhase;
			buildActionMask = 2147483647;
			files = (
			);
			runOnlyForDeploymentPostprocessing = 0;
		};
/* End PBXResourcesBuildPhase section */

/* Begin PBXShellScriptBuildPhase section */
		18571CE1982B4B659AC4D25C /* [CP] Embed Pods Frameworks */ = {
			isa = PBXShellScriptBuildPhase;
			buildActionMask = 2147483647;
			files = (
			);
			inputFileListPaths = (
				"${PODS_ROOT}/Target Support Files/Pods-Movie_Clean_Swift/Pods-Movie_Clean_Swift-frameworks-${CONFIGURATION}-input-files.xcfilelist",
			);
			name = "[CP] Embed Pods Frameworks";
			outputFileListPaths = (
				"${PODS_ROOT}/Target Support Files/Pods-Movie_Clean_Swift/Pods-Movie_Clean_Swift-frameworks-${CONFIGURATION}-output-files.xcfilelist",
			);
			runOnlyForDeploymentPostprocessing = 0;
			shellPath = /bin/sh;
			shellScript = "\"${PODS_ROOT}/Target Support Files/Pods-Movie_Clean_Swift/Pods-Movie_Clean_Swift-frameworks.sh\"\n";
			showEnvVarsInLog = 0;
		};
		1995869F341FA7AD7BAA0A46 /* [CP] Embed Pods Frameworks */ = {
			isa = PBXShellScriptBuildPhase;
			buildActionMask = 2147483647;
			files = (
			);
			inputFileListPaths = (
				"${PODS_ROOT}/Target Support Files/Pods-Movie_Clean_Swift-Movie_Clean_SwiftUITests/Pods-Movie_Clean_Swift-Movie_Clean_SwiftUITests-frameworks-${CONFIGURATION}-input-files.xcfilelist",
			);
			name = "[CP] Embed Pods Frameworks";
			outputFileListPaths = (
				"${PODS_ROOT}/Target Support Files/Pods-Movie_Clean_Swift-Movie_Clean_SwiftUITests/Pods-Movie_Clean_Swift-Movie_Clean_SwiftUITests-frameworks-${CONFIGURATION}-output-files.xcfilelist",
			);
			runOnlyForDeploymentPostprocessing = 0;
			shellPath = /bin/sh;
			shellScript = "\"${PODS_ROOT}/Target Support Files/Pods-Movie_Clean_Swift-Movie_Clean_SwiftUITests/Pods-Movie_Clean_Swift-Movie_Clean_SwiftUITests-frameworks.sh\"\n";
			showEnvVarsInLog = 0;
		};
		1C9DC64A43C7B555D1D600B0 /* [CP] Check Pods Manifest.lock */ = {
			isa = PBXShellScriptBuildPhase;
			buildActionMask = 2147483647;
			files = (
			);
			inputFileListPaths = (
			);
			inputPaths = (
				"${PODS_PODFILE_DIR_PATH}/Podfile.lock",
				"${PODS_ROOT}/Manifest.lock",
			);
			name = "[CP] Check Pods Manifest.lock";
			outputFileListPaths = (
			);
			outputPaths = (
				"$(DERIVED_FILE_DIR)/Pods-Movie_Clean_Swift-Movie_Clean_SwiftUITests-checkManifestLockResult.txt",
			);
			runOnlyForDeploymentPostprocessing = 0;
			shellPath = /bin/sh;
			shellScript = "diff \"${PODS_PODFILE_DIR_PATH}/Podfile.lock\" \"${PODS_ROOT}/Manifest.lock\" > /dev/null\nif [ $? != 0 ] ; then\n    # print error to STDERR\n    echo \"error: The sandbox is not in sync with the Podfile.lock. Run 'pod install' or update your CocoaPods installation.\" >&2\n    exit 1\nfi\n# This output is used by Xcode 'outputs' to avoid re-running this script phase.\necho \"SUCCESS\" > \"${SCRIPT_OUTPUT_FILE_0}\"\n";
			showEnvVarsInLog = 0;
		};
		41446B5BDA350E7E71AC07B7 /* [CP] Embed Pods Frameworks */ = {
			isa = PBXShellScriptBuildPhase;
			buildActionMask = 2147483647;
			files = (
			);
			inputFileListPaths = (
				"${PODS_ROOT}/Target Support Files/Pods-Movie_Clean_SwiftTests/Pods-Movie_Clean_SwiftTests-frameworks-${CONFIGURATION}-input-files.xcfilelist",
			);
			name = "[CP] Embed Pods Frameworks";
			outputFileListPaths = (
				"${PODS_ROOT}/Target Support Files/Pods-Movie_Clean_SwiftTests/Pods-Movie_Clean_SwiftTests-frameworks-${CONFIGURATION}-output-files.xcfilelist",
			);
			runOnlyForDeploymentPostprocessing = 0;
			shellPath = /bin/sh;
			shellScript = "\"${PODS_ROOT}/Target Support Files/Pods-Movie_Clean_SwiftTests/Pods-Movie_Clean_SwiftTests-frameworks.sh\"\n";
			showEnvVarsInLog = 0;
		};
		56F89DBFF17C565FDD301E12 /* [CP] Check Pods Manifest.lock */ = {
			isa = PBXShellScriptBuildPhase;
			buildActionMask = 2147483647;
			files = (
			);
			inputFileListPaths = (
			);
			inputPaths = (
				"${PODS_PODFILE_DIR_PATH}/Podfile.lock",
				"${PODS_ROOT}/Manifest.lock",
			);
			name = "[CP] Check Pods Manifest.lock";
			outputFileListPaths = (
			);
			outputPaths = (
				"$(DERIVED_FILE_DIR)/Pods-Movie_Clean_Swift-checkManifestLockResult.txt",
			);
			runOnlyForDeploymentPostprocessing = 0;
			shellPath = /bin/sh;
			shellScript = "diff \"${PODS_PODFILE_DIR_PATH}/Podfile.lock\" \"${PODS_ROOT}/Manifest.lock\" > /dev/null\nif [ $? != 0 ] ; then\n    # print error to STDERR\n    echo \"error: The sandbox is not in sync with the Podfile.lock. Run 'pod install' or update your CocoaPods installation.\" >&2\n    exit 1\nfi\n# This output is used by Xcode 'outputs' to avoid re-running this script phase.\necho \"SUCCESS\" > \"${SCRIPT_OUTPUT_FILE_0}\"\n";
			showEnvVarsInLog = 0;
		};
		C2783C5BB1B7B41F2C40FD4B /* [CP] Check Pods Manifest.lock */ = {
			isa = PBXShellScriptBuildPhase;
			buildActionMask = 2147483647;
			files = (
			);
			inputFileListPaths = (
			);
			inputPaths = (
				"${PODS_PODFILE_DIR_PATH}/Podfile.lock",
				"${PODS_ROOT}/Manifest.lock",
			);
			name = "[CP] Check Pods Manifest.lock";
			outputFileListPaths = (
			);
			outputPaths = (
				"$(DERIVED_FILE_DIR)/Pods-Movie_Clean_SwiftTests-checkManifestLockResult.txt",
			);
			runOnlyForDeploymentPostprocessing = 0;
			shellPath = /bin/sh;
			shellScript = "diff \"${PODS_PODFILE_DIR_PATH}/Podfile.lock\" \"${PODS_ROOT}/Manifest.lock\" > /dev/null\nif [ $? != 0 ] ; then\n    # print error to STDERR\n    echo \"error: The sandbox is not in sync with the Podfile.lock. Run 'pod install' or update your CocoaPods installation.\" >&2\n    exit 1\nfi\n# This output is used by Xcode 'outputs' to avoid re-running this script phase.\necho \"SUCCESS\" > \"${SCRIPT_OUTPUT_FILE_0}\"\n";
			showEnvVarsInLog = 0;
		};
/* End PBXShellScriptBuildPhase section */

/* Begin PBXSourcesBuildPhase section */
		D356513423B9861D009E928D /* Sources */ = {
			isa = PBXSourcesBuildPhase;
			buildActionMask = 2147483647;
			files = (
				D3DE720223B99771002EEA81 /* HomeMovieInteractor.swift in Sources */,
				D30CF1A123BAE2DF009AF596 /* NetworkResponse.swift in Sources */,
				D30CF19B23BAC39A009AF596 /* Colors+Font.swift in Sources */,
				D30CF19823BAC16C009AF596 /* HomeMovieCell.swift in Sources */,
				D391DA1323BE8E4F000A6A2B /* HomeMovieHeader.swift in Sources */,
				D356513C23B9861D009E928D /* AppDelegate.swift in Sources */,
				D3653AA723C3EDDF004A81BD /* HomeNewMovieProvider.swift in Sources */,
				D3DE71FE23B99771002EEA81 /* HomeMoviePresenter.swift in Sources */,
				D30CF19F23BAE222009AF596 /* NetworkProvider.swift in Sources */,
				D391DA1523BED175000A6A2B /* HomeMovieFooter.swift in Sources */,
				D30CF19D23BAD799009AF596 /* RequestProvider.swift in Sources */,
				D30F28CC23B9AFE6009EAEF5 /* HomeMovieWorker.swift in Sources */,
				D3DE720123B99771002EEA81 /* HomeMovieViewController.swift in Sources */,
				D30CF1A423BAE7A0009AF596 /* HomePopularMovieProvider.swift in Sources */,
				D3DE71FF23B99771002EEA81 /* HomeMovieRouter.swift in Sources */,
				D356513E23B9861D009E928D /* SceneDelegate.swift in Sources */,
				D3DE720023B99771002EEA81 /* HomeMovieModels.swift in Sources */,
			);
			runOnlyForDeploymentPostprocessing = 0;
		};
		D356514A23B9861E009E928D /* Sources */ = {
			isa = PBXSourcesBuildPhase;
			buildActionMask = 2147483647;
			files = (
				D356515323B9861E009E928D /* Movie_Clean_SwiftTests.swift in Sources */,
			);
			runOnlyForDeploymentPostprocessing = 0;
		};
		D356515523B9861E009E928D /* Sources */ = {
			isa = PBXSourcesBuildPhase;
			buildActionMask = 2147483647;
			files = (
				D356515E23B9861E009E928D /* Movie_Clean_SwiftUITests.swift in Sources */,
			);
			runOnlyForDeploymentPostprocessing = 0;
		};
/* End PBXSourcesBuildPhase section */

/* Begin PBXTargetDependency section */
		D356515023B9861E009E928D /* PBXTargetDependency */ = {
			isa = PBXTargetDependency;
			target = D356513723B9861D009E928D /* Movie_Clean_Swift */;
			targetProxy = D356514F23B9861E009E928D /* PBXContainerItemProxy */;
		};
		D356515B23B9861E009E928D /* PBXTargetDependency */ = {
			isa = PBXTargetDependency;
			target = D356513723B9861D009E928D /* Movie_Clean_Swift */;
			targetProxy = D356515A23B9861E009E928D /* PBXContainerItemProxy */;
		};
/* End PBXTargetDependency section */

/* Begin PBXVariantGroup section */
		D356514623B9861E009E928D /* LaunchScreen.storyboard */ = {
			isa = PBXVariantGroup;
			children = (
				D356514723B9861E009E928D /* Base */,
			);
			name = LaunchScreen.storyboard;
			sourceTree = "<group>";
		};
/* End PBXVariantGroup section */

/* Begin XCBuildConfiguration section */
		D356516023B9861E009E928D /* Debug */ = {
			isa = XCBuildConfiguration;
			buildSettings = {
				ALWAYS_SEARCH_USER_PATHS = NO;
				CLANG_ANALYZER_NONNULL = YES;
				CLANG_ANALYZER_NUMBER_OBJECT_CONVERSION = YES_AGGRESSIVE;
				CLANG_CXX_LANGUAGE_STANDARD = "gnu++14";
				CLANG_CXX_LIBRARY = "libc++";
				CLANG_ENABLE_MODULES = YES;
				CLANG_ENABLE_OBJC_ARC = YES;
				CLANG_ENABLE_OBJC_WEAK = YES;
				CLANG_WARN_BLOCK_CAPTURE_AUTORELEASING = YES;
				CLANG_WARN_BOOL_CONVERSION = YES;
				CLANG_WARN_COMMA = YES;
				CLANG_WARN_CONSTANT_CONVERSION = YES;
				CLANG_WARN_DEPRECATED_OBJC_IMPLEMENTATIONS = YES;
				CLANG_WARN_DIRECT_OBJC_ISA_USAGE = YES_ERROR;
				CLANG_WARN_DOCUMENTATION_COMMENTS = YES;
				CLANG_WARN_EMPTY_BODY = YES;
				CLANG_WARN_ENUM_CONVERSION = YES;
				CLANG_WARN_INFINITE_RECURSION = YES;
				CLANG_WARN_INT_CONVERSION = YES;
				CLANG_WARN_NON_LITERAL_NULL_CONVERSION = YES;
				CLANG_WARN_OBJC_IMPLICIT_RETAIN_SELF = YES;
				CLANG_WARN_OBJC_LITERAL_CONVERSION = YES;
				CLANG_WARN_OBJC_ROOT_CLASS = YES_ERROR;
				CLANG_WARN_RANGE_LOOP_ANALYSIS = YES;
				CLANG_WARN_STRICT_PROTOTYPES = YES;
				CLANG_WARN_SUSPICIOUS_MOVE = YES;
				CLANG_WARN_UNGUARDED_AVAILABILITY = YES_AGGRESSIVE;
				CLANG_WARN_UNREACHABLE_CODE = YES;
				CLANG_WARN__DUPLICATE_METHOD_MATCH = YES;
				COPY_PHASE_STRIP = NO;
				DEBUG_INFORMATION_FORMAT = dwarf;
				ENABLE_STRICT_OBJC_MSGSEND = YES;
				ENABLE_TESTABILITY = YES;
				GCC_C_LANGUAGE_STANDARD = gnu11;
				GCC_DYNAMIC_NO_PIC = NO;
				GCC_NO_COMMON_BLOCKS = YES;
				GCC_OPTIMIZATION_LEVEL = 0;
				GCC_PREPROCESSOR_DEFINITIONS = (
					"DEBUG=1",
					"$(inherited)",
				);
				GCC_WARN_64_TO_32_BIT_CONVERSION = YES;
				GCC_WARN_ABOUT_RETURN_TYPE = YES_ERROR;
				GCC_WARN_UNDECLARED_SELECTOR = YES;
				GCC_WARN_UNINITIALIZED_AUTOS = YES_AGGRESSIVE;
				GCC_WARN_UNUSED_FUNCTION = YES;
				GCC_WARN_UNUSED_VARIABLE = YES;
				IPHONEOS_DEPLOYMENT_TARGET = 13.2;
				MTL_ENABLE_DEBUG_INFO = INCLUDE_SOURCE;
				MTL_FAST_MATH = YES;
				ONLY_ACTIVE_ARCH = YES;
				SDKROOT = iphoneos;
				SWIFT_ACTIVE_COMPILATION_CONDITIONS = DEBUG;
				SWIFT_OPTIMIZATION_LEVEL = "-Onone";
			};
			name = Debug;
		};
		D356516123B9861E009E928D /* Release */ = {
			isa = XCBuildConfiguration;
			buildSettings = {
				ALWAYS_SEARCH_USER_PATHS = NO;
				CLANG_ANALYZER_NONNULL = YES;
				CLANG_ANALYZER_NUMBER_OBJECT_CONVERSION = YES_AGGRESSIVE;
				CLANG_CXX_LANGUAGE_STANDARD = "gnu++14";
				CLANG_CXX_LIBRARY = "libc++";
				CLANG_ENABLE_MODULES = YES;
				CLANG_ENABLE_OBJC_ARC = YES;
				CLANG_ENABLE_OBJC_WEAK = YES;
				CLANG_WARN_BLOCK_CAPTURE_AUTORELEASING = YES;
				CLANG_WARN_BOOL_CONVERSION = YES;
				CLANG_WARN_COMMA = YES;
				CLANG_WARN_CONSTANT_CONVERSION = YES;
				CLANG_WARN_DEPRECATED_OBJC_IMPLEMENTATIONS = YES;
				CLANG_WARN_DIRECT_OBJC_ISA_USAGE = YES_ERROR;
				CLANG_WARN_DOCUMENTATION_COMMENTS = YES;
				CLANG_WARN_EMPTY_BODY = YES;
				CLANG_WARN_ENUM_CONVERSION = YES;
				CLANG_WARN_INFINITE_RECURSION = YES;
				CLANG_WARN_INT_CONVERSION = YES;
				CLANG_WARN_NON_LITERAL_NULL_CONVERSION = YES;
				CLANG_WARN_OBJC_IMPLICIT_RETAIN_SELF = YES;
				CLANG_WARN_OBJC_LITERAL_CONVERSION = YES;
				CLANG_WARN_OBJC_ROOT_CLASS = YES_ERROR;
				CLANG_WARN_RANGE_LOOP_ANALYSIS = YES;
				CLANG_WARN_STRICT_PROTOTYPES = YES;
				CLANG_WARN_SUSPICIOUS_MOVE = YES;
				CLANG_WARN_UNGUARDED_AVAILABILITY = YES_AGGRESSIVE;
				CLANG_WARN_UNREACHABLE_CODE = YES;
				CLANG_WARN__DUPLICATE_METHOD_MATCH = YES;
				COPY_PHASE_STRIP = NO;
				DEBUG_INFORMATION_FORMAT = "dwarf-with-dsym";
				ENABLE_NS_ASSERTIONS = NO;
				ENABLE_STRICT_OBJC_MSGSEND = YES;
				GCC_C_LANGUAGE_STANDARD = gnu11;
				GCC_NO_COMMON_BLOCKS = YES;
				GCC_WARN_64_TO_32_BIT_CONVERSION = YES;
				GCC_WARN_ABOUT_RETURN_TYPE = YES_ERROR;
				GCC_WARN_UNDECLARED_SELECTOR = YES;
				GCC_WARN_UNINITIALIZED_AUTOS = YES_AGGRESSIVE;
				GCC_WARN_UNUSED_FUNCTION = YES;
				GCC_WARN_UNUSED_VARIABLE = YES;
				IPHONEOS_DEPLOYMENT_TARGET = 13.2;
				MTL_ENABLE_DEBUG_INFO = NO;
				MTL_FAST_MATH = YES;
				SDKROOT = iphoneos;
				SWIFT_COMPILATION_MODE = wholemodule;
				SWIFT_OPTIMIZATION_LEVEL = "-O";
				VALIDATE_PRODUCT = YES;
			};
			name = Release;
		};
		D356516323B9861E009E928D /* Debug */ = {
			isa = XCBuildConfiguration;
			baseConfigurationReference = BC24CB0DD1447B542F7EA857 /* Pods-Movie_Clean_Swift.debug.xcconfig */;
			buildSettings = {
				ASSETCATALOG_COMPILER_APPICON_NAME = AppIcon;
				CODE_SIGN_STYLE = Automatic;
				DEVELOPMENT_TEAM = CXZ74CB7JF;
				ENABLE_PREVIEWS = YES;
				INFOPLIST_FILE = Movie_Clean_Swift/Resources/Info.plist;
				LD_RUNPATH_SEARCH_PATHS = (
					"$(inherited)",
					"@executable_path/Frameworks",
				);
				PRODUCT_BUNDLE_IDENTIFIER = "Alvaro-Fernandes.Movie-Clean-Swift";
				PRODUCT_NAME = "Alvão Movies";
				SWIFT_VERSION = 5.0;
				TARGETED_DEVICE_FAMILY = "1,2";
			};
			name = Debug;
		};
		D356516423B9861E009E928D /* Release */ = {
			isa = XCBuildConfiguration;
			baseConfigurationReference = B609C8603879F7142E7116DD /* Pods-Movie_Clean_Swift.release.xcconfig */;
			buildSettings = {
				ASSETCATALOG_COMPILER_APPICON_NAME = AppIcon;
				CODE_SIGN_STYLE = Automatic;
				DEVELOPMENT_TEAM = CXZ74CB7JF;
				ENABLE_PREVIEWS = YES;
				INFOPLIST_FILE = Movie_Clean_Swift/Resources/Info.plist;
				LD_RUNPATH_SEARCH_PATHS = (
					"$(inherited)",
					"@executable_path/Frameworks",
				);
				PRODUCT_BUNDLE_IDENTIFIER = "Alvaro-Fernandes.Movie-Clean-Swift";
				PRODUCT_NAME = "Alvão Movies";
				SWIFT_VERSION = 5.0;
				TARGETED_DEVICE_FAMILY = "1,2";
			};
			name = Release;
		};
		D356516623B9861E009E928D /* Debug */ = {
			isa = XCBuildConfiguration;
			baseConfigurationReference = 901A69083760A29123342159 /* Pods-Movie_Clean_SwiftTests.debug.xcconfig */;
			buildSettings = {
				ALWAYS_EMBED_SWIFT_STANDARD_LIBRARIES = YES;
				BUNDLE_LOADER = "$(TEST_HOST)";
				CODE_SIGN_STYLE = Automatic;
				INFOPLIST_FILE = Movie_Clean_SwiftTests/Info.plist;
				IPHONEOS_DEPLOYMENT_TARGET = 13.2;
				LD_RUNPATH_SEARCH_PATHS = (
					"$(inherited)",
					"@executable_path/Frameworks",
					"@loader_path/Frameworks",
				);
				PRODUCT_BUNDLE_IDENTIFIER = "Alvaro-Fernandes.Movie-Clean-SwiftTests";
				PRODUCT_NAME = "$(TARGET_NAME)";
				SWIFT_VERSION = 5.0;
				TARGETED_DEVICE_FAMILY = "1,2";
				TEST_HOST = "$(BUILT_PRODUCTS_DIR)/Movie_Clean_Swift.app/Movie_Clean_Swift";
			};
			name = Debug;
		};
		D356516723B9861E009E928D /* Release */ = {
			isa = XCBuildConfiguration;
			baseConfigurationReference = 00F353B157FA705BCB90E838 /* Pods-Movie_Clean_SwiftTests.release.xcconfig */;
			buildSettings = {
				ALWAYS_EMBED_SWIFT_STANDARD_LIBRARIES = YES;
				BUNDLE_LOADER = "$(TEST_HOST)";
				CODE_SIGN_STYLE = Automatic;
				INFOPLIST_FILE = Movie_Clean_SwiftTests/Info.plist;
				IPHONEOS_DEPLOYMENT_TARGET = 13.2;
				LD_RUNPATH_SEARCH_PATHS = (
					"$(inherited)",
					"@executable_path/Frameworks",
					"@loader_path/Frameworks",
				);
				PRODUCT_BUNDLE_IDENTIFIER = "Alvaro-Fernandes.Movie-Clean-SwiftTests";
				PRODUCT_NAME = "$(TARGET_NAME)";
				SWIFT_VERSION = 5.0;
				TARGETED_DEVICE_FAMILY = "1,2";
				TEST_HOST = "$(BUILT_PRODUCTS_DIR)/Movie_Clean_Swift.app/Movie_Clean_Swift";
			};
			name = Release;
		};
		D356516923B9861E009E928D /* Debug */ = {
			isa = XCBuildConfiguration;
			baseConfigurationReference = 17F78D6A999C568537B5EA62 /* Pods-Movie_Clean_Swift-Movie_Clean_SwiftUITests.debug.xcconfig */;
			buildSettings = {
				ALWAYS_EMBED_SWIFT_STANDARD_LIBRARIES = YES;
				CODE_SIGN_STYLE = Automatic;
				INFOPLIST_FILE = Movie_Clean_SwiftUITests/Info.plist;
				LD_RUNPATH_SEARCH_PATHS = (
					"$(inherited)",
					"@executable_path/Frameworks",
					"@loader_path/Frameworks",
				);
				PRODUCT_BUNDLE_IDENTIFIER = "Alvaro-Fernandes.Movie-Clean-SwiftUITests";
				PRODUCT_NAME = "$(TARGET_NAME)";
				SWIFT_VERSION = 5.0;
				TARGETED_DEVICE_FAMILY = "1,2";
				TEST_TARGET_NAME = Movie_Clean_Swift;
			};
			name = Debug;
		};
		D356516A23B9861E009E928D /* Release */ = {
			isa = XCBuildConfiguration;
			baseConfigurationReference = 4ADBBD8473E733B1E69BD887 /* Pods-Movie_Clean_Swift-Movie_Clean_SwiftUITests.release.xcconfig */;
			buildSettings = {
				ALWAYS_EMBED_SWIFT_STANDARD_LIBRARIES = YES;
				CODE_SIGN_STYLE = Automatic;
				INFOPLIST_FILE = Movie_Clean_SwiftUITests/Info.plist;
				LD_RUNPATH_SEARCH_PATHS = (
					"$(inherited)",
					"@executable_path/Frameworks",
					"@loader_path/Frameworks",
				);
				PRODUCT_BUNDLE_IDENTIFIER = "Alvaro-Fernandes.Movie-Clean-SwiftUITests";
				PRODUCT_NAME = "$(TARGET_NAME)";
				SWIFT_VERSION = 5.0;
				TARGETED_DEVICE_FAMILY = "1,2";
				TEST_TARGET_NAME = Movie_Clean_Swift;
			};
			name = Release;
		};
/* End XCBuildConfiguration section */

/* Begin XCConfigurationList section */
		D356513323B9861D009E928D /* Build configuration list for PBXProject "Movie_Clean_Swift" */ = {
			isa = XCConfigurationList;
			buildConfigurations = (
				D356516023B9861E009E928D /* Debug */,
				D356516123B9861E009E928D /* Release */,
			);
			defaultConfigurationIsVisible = 0;
			defaultConfigurationName = Release;
		};
		D356516223B9861E009E928D /* Build configuration list for PBXNativeTarget "Movie_Clean_Swift" */ = {
			isa = XCConfigurationList;
			buildConfigurations = (
				D356516323B9861E009E928D /* Debug */,
				D356516423B9861E009E928D /* Release */,
			);
			defaultConfigurationIsVisible = 0;
			defaultConfigurationName = Release;
		};
		D356516523B9861E009E928D /* Build configuration list for PBXNativeTarget "Movie_Clean_SwiftTests" */ = {
			isa = XCConfigurationList;
			buildConfigurations = (
				D356516623B9861E009E928D /* Debug */,
				D356516723B9861E009E928D /* Release */,
			);
			defaultConfigurationIsVisible = 0;
			defaultConfigurationName = Release;
		};
		D356516823B9861E009E928D /* Build configuration list for PBXNativeTarget "Movie_Clean_SwiftUITests" */ = {
			isa = XCConfigurationList;
			buildConfigurations = (
				D356516923B9861E009E928D /* Debug */,
				D356516A23B9861E009E928D /* Release */,
			);
			defaultConfigurationIsVisible = 0;
			defaultConfigurationName = Release;
		};
/* End XCConfigurationList section */
	};
	rootObject = D356513023B9861D009E928D /* Project object */;
}
